
Microsoft Visual Studio Solution File, Format Version 12.00
# Visual Studio 15
VisualStudioVersion = 15.0.26228.9
MinimumVisualStudioVersion = 10.0.40219.1
Project("{2150E333-8FDC-42A3-9474-1A3956D46DE8}") = "Tests", "Tests", "{E469E422-FC72-4D41-837A-7BA8B8BB51EE}"
EndProject
Project("{2150E333-8FDC-42A3-9474-1A3956D46DE8}") = "Examples", "Examples", "{4D517DDF-BC38-403F-99F5-1A03045554C3}"
EndProject
Project("{D954291E-2A0B-460D-934E-DC6B0785DB48}") = "OfflineFirstReferenceArch.Models", "Examples\OfflineFirstReferenceArch.Models\OfflineFirstReferenceArch.Models.shproj", "{26EB5901-89E0-4881-A062-E209B84A388D}"
EndProject
Project("{D954291E-2A0B-460D-934E-DC6B0785DB48}") = "OfflineFirstReferenceArch.ViewModels", "Examples\OfflineFirstReferenceArch.ViewModels\OfflineFirstReferenceArch.ViewModels.shproj", "{BBAC07F6-3762-444D-BD48-140C6BE4AC54}"
EndProject
Project("{D954291E-2A0B-460D-934E-DC6B0785DB48}") = "OfflineFirstReferenceArch.Widgets", "Examples\OfflineFirstReferenceArch.Widgets\OfflineFirstReferenceArch.Widgets.shproj", "{9E819D87-5262-41A0-BD98-4A2E834D1423}"
EndProject
Project("{D954291E-2A0B-460D-934E-DC6B0785DB48}") = "XOFF.Core", "Framework\XOFF.Core\XOFF.Core.shproj", "{7F8621D0-00DB-4935-A5A9-7C9A255254A7}"
EndProject
Project("{2150E333-8FDC-42A3-9474-1A3956D46DE8}") = "Framework", "Framework", "{48957F30-0146-46EB-A112-8C52049DEF4F}"
EndProject
Project("{FAE04EC0-301F-11D3-BF4B-00C04F79EFBC}") = "OfflineFirstReferenceArch.IOS", "Examples\OfflineFirstReferenceArch.IOS\OfflineFirstReferenceArch.IOS.csproj", "{0B3BDAD6-F953-4A9F-AFA0-916A288C9278}"
EndProject
Project("{D954291E-2A0B-460D-934E-DC6B0785DB48}") = "XOFF.SQLite", "Framework\XOFF.SQLite\XOFF.SQLite.shproj", "{7852C680-0995-40BB-9788-0B54DBCAC297}"
EndProject
Project("{D954291E-2A0B-460D-934E-DC6B0785DB48}") = "XOFF.LiteDB", "Framework\XOFF.LiteDB\XOFF.LiteDB.shproj", "{463D4476-42FC-4133-B8ED-D57343897470}"
EndProject
Project("{D954291E-2A0B-460D-934E-DC6B0785DB48}") = "OfflineFirstReferenceArch.Models.LiteDb", "Examples\OfflineFirstReferenceArch.Models.LiteDb\OfflineFirstReferenceArch.Models.LiteDb.shproj", "{1C08C2BC-8ECF-4C48-810E-4F8C20B2E7E7}"
EndProject
Project("{FAE04EC0-301F-11D3-BF4B-00C04F79EFBC}") = "OfflineFirstReference.Web", "OfflineFirstReference.Web\OfflineFirstReference.Web.csproj", "{96237CDD-4039-4DB7-A5C9-4484554B643B}"
EndProject
Global
	GlobalSection(SharedMSBuildProjectFiles) = preSolution
		Examples\OfflineFirstReferenceArch.Models.LiteDb\OfflineFirstReferenceArch.Models.LiteDb.projitems*{0b3bdad6-f953-4a9f-afa0-916a288c9278}*SharedItemsImports = 4
		Examples\OfflineFirstReferenceArch.ViewModels\OfflineFirstReferenceArch.ViewModels.projitems*{0b3bdad6-f953-4a9f-afa0-916a288c9278}*SharedItemsImports = 4
		Examples\OfflineFirstReferenceArch.Widgets\OfflineFirstReferenceArch.Widgets.projitems*{0b3bdad6-f953-4a9f-afa0-916a288c9278}*SharedItemsImports = 4
		Framework\XOFF.Core\XOFF.Core.projitems*{0b3bdad6-f953-4a9f-afa0-916a288c9278}*SharedItemsImports = 4
		Framework\XOFF.LiteDB\XOFF.LiteDB.projitems*{0b3bdad6-f953-4a9f-afa0-916a288c9278}*SharedItemsImports = 4
		Framework\XOFF.SQLite\XOFF.SQLite.projitems*{0b3bdad6-f953-4a9f-afa0-916a288c9278}*SharedItemsImports = 4
		Examples\OfflineFirstReferenceArch.Models.LiteDb\OfflineFirstReferenceArch.Models.LiteDb.projitems*{1c08c2bc-8ecf-4c48-810e-4f8c20b2e7e7}*SharedItemsImports = 13
		Examples\OfflineFirstReferenceArch.Models\OfflineFirstReferenceArch.Models.projitems*{26eb5901-89e0-4881-a062-e209b84a388d}*SharedItemsImports = 13
		Framework\XOFF.LiteDB\XOFF.LiteDB.projitems*{463d4476-42fc-4133-b8ed-d57343897470}*SharedItemsImports = 13
		Framework\XOFF.SQLite\XOFF.SQLite.projitems*{7852c680-0995-40bb-9788-0b54dbcac297}*SharedItemsImports = 13
		Framework\XOFF.Core\XOFF.Core.projitems*{7f8621d0-00db-4935-a5a9-7c9a255254a7}*SharedItemsImports = 13
		Examples\OfflineFirstReferenceArch.Widgets\OfflineFirstReferenceArch.Widgets.projitems*{9e819d87-5262-41a0-bd98-4a2e834d1423}*SharedItemsImports = 13
		Examples\OfflineFirstReferenceArch.ViewModels\OfflineFirstReferenceArch.ViewModels.projitems*{bbac07f6-3762-444d-bd48-140c6be4ac54}*SharedItemsImports = 13
	EndGlobalSection
	GlobalSection(SolutionConfigurationPlatforms) = preSolution
		Ad-Hoc|Any CPU = Ad-Hoc|Any CPU
		Ad-Hoc|iPhone = Ad-Hoc|iPhone
		Ad-Hoc|iPhoneSimulator = Ad-Hoc|iPhoneSimulator
		AppStore|Any CPU = AppStore|Any CPU
		AppStore|iPhone = AppStore|iPhone
		AppStore|iPhoneSimulator = AppStore|iPhoneSimulator
		Debug|Any CPU = Debug|Any CPU
		Debug|iPhone = Debug|iPhone
		Debug|iPhoneSimulator = Debug|iPhoneSimulator
		Release|Any CPU = Release|Any CPU
		Release|iPhone = Release|iPhone
		Release|iPhoneSimulator = Release|iPhoneSimulator
	EndGlobalSection
	GlobalSection(ProjectConfigurationPlatforms) = postSolution
		{0B3BDAD6-F953-4A9F-AFA0-916A288C9278}.Ad-Hoc|Any CPU.ActiveCfg = Ad-Hoc|iPhone
		{0B3BDAD6-F953-4A9F-AFA0-916A288C9278}.Ad-Hoc|Any CPU.Build.0 = Ad-Hoc|iPhone
		{0B3BDAD6-F953-4A9F-AFA0-916A288C9278}.Ad-Hoc|iPhone.ActiveCfg = Ad-Hoc|iPhone
		{0B3BDAD6-F953-4A9F-AFA0-916A288C9278}.Ad-Hoc|iPhone.Build.0 = Ad-Hoc|iPhone
		{0B3BDAD6-F953-4A9F-AFA0-916A288C9278}.Ad-Hoc|iPhoneSimulator.ActiveCfg = Debug|iPhoneSimulator
		{0B3BDAD6-F953-4A9F-AFA0-916A288C9278}.Ad-Hoc|iPhoneSimulator.Build.0 = Debug|iPhoneSimulator
		{0B3BDAD6-F953-4A9F-AFA0-916A288C9278}.AppStore|Any CPU.ActiveCfg = AppStore|iPhone
		{0B3BDAD6-F953-4A9F-AFA0-916A288C9278}.AppStore|Any CPU.Build.0 = AppStore|iPhone
		{0B3BDAD6-F953-4A9F-AFA0-916A288C9278}.AppStore|iPhone.ActiveCfg = AppStore|iPhone
		{0B3BDAD6-F953-4A9F-AFA0-916A288C9278}.AppStore|iPhone.Build.0 = AppStore|iPhone
		{0B3BDAD6-F953-4A9F-AFA0-916A288C9278}.AppStore|iPhoneSimulator.ActiveCfg = Debug|iPhoneSimulator
		{0B3BDAD6-F953-4A9F-AFA0-916A288C9278}.AppStore|iPhoneSimulator.Build.0 = Debug|iPhoneSimulator
		{0B3BDAD6-F953-4A9F-AFA0-916A288C9278}.Debug|Any CPU.ActiveCfg = Debug|iPhoneSimulator
		{0B3BDAD6-F953-4A9F-AFA0-916A288C9278}.Debug|Any CPU.Build.0 = Debug|iPhoneSimulator
		{0B3BDAD6-F953-4A9F-AFA0-916A288C9278}.Debug|iPhone.ActiveCfg = Debug|iPhone
		{0B3BDAD6-F953-4A9F-AFA0-916A288C9278}.Debug|iPhone.Build.0 = Debug|iPhone
		{0B3BDAD6-F953-4A9F-AFA0-916A288C9278}.Debug|iPhoneSimulator.ActiveCfg = Debug|iPhoneSimulator
		{0B3BDAD6-F953-4A9F-AFA0-916A288C9278}.Debug|iPhoneSimulator.Build.0 = Debug|iPhoneSimulator
		{0B3BDAD6-F953-4A9F-AFA0-916A288C9278}.Release|Any CPU.ActiveCfg = Release|iPhoneSimulator
		{0B3BDAD6-F953-4A9F-AFA0-916A288C9278}.Release|Any CPU.Build.0 = Release|iPhoneSimulator
		{0B3BDAD6-F953-4A9F-AFA0-916A288C9278}.Release|iPhone.ActiveCfg = Release|iPhone
		{0B3BDAD6-F953-4A9F-AFA0-916A288C9278}.Release|iPhone.Build.0 = Release|iPhone
		{0B3BDAD6-F953-4A9F-AFA0-916A288C9278}.Release|iPhoneSimulator.ActiveCfg = Release|iPhoneSimulator
		{0B3BDAD6-F953-4A9F-AFA0-916A288C9278}.Release|iPhoneSimulator.Build.0 = Release|iPhoneSimulator
		{96237CDD-4039-4DB7-A5C9-4484554B643B}.Ad-Hoc|Any CPU.ActiveCfg = Debug|Any CPU
		{96237CDD-4039-4DB7-A5C9-4484554B643B}.Ad-Hoc|Any CPU.Build.0 = Debug|Any CPU
		{96237CDD-4039-4DB7-A5C9-4484554B643B}.Ad-Hoc|iPhone.ActiveCfg = Debug|Any CPU
		{96237CDD-4039-4DB7-A5C9-4484554B643B}.Ad-Hoc|iPhone.Build.0 = Debug|Any CPU
		{96237CDD-4039-4DB7-A5C9-4484554B643B}.Ad-Hoc|iPhoneSimulator.ActiveCfg = Debug|Any CPU
		{96237CDD-4039-4DB7-A5C9-4484554B643B}.Ad-Hoc|iPhoneSimulator.Build.0 = Debug|Any CPU
		{96237CDD-4039-4DB7-A5C9-4484554B643B}.AppStore|Any CPU.ActiveCfg = Debug|Any CPU
		{96237CDD-4039-4DB7-A5C9-4484554B643B}.AppStore|Any CPU.Build.0 = Debug|Any CPU
		{96237CDD-4039-4DB7-A5C9-4484554B643B}.AppStore|iPhone.ActiveCfg = Debug|Any CPU
		{96237CDD-4039-4DB7-A5C9-4484554B643B}.AppStore|iPhone.Build.0 = Debug|Any CPU
		{96237CDD-4039-4DB7-A5C9-4484554B643B}.AppStore|iPhoneSimulator.ActiveCfg = Debug|Any CPU
		{96237CDD-4039-4DB7-A5C9-4484554B643B}.AppStore|iPhoneSimulator.Build.0 = Debug|Any CPU
		{96237CDD-4039-4DB7-A5C9-4484554B643B}.Debug|Any CPU.ActiveCfg = Debug|Any CPU
		{96237CDD-4039-4DB7-A5C9-4484554B643B}.Debug|Any CPU.Build.0 = Debug|Any CPU
		{96237CDD-4039-4DB7-A5C9-4484554B643B}.Debug|iPhone.ActiveCfg = Debug|Any CPU
		{96237CDD-4039-4DB7-A5C9-4484554B643B}.Debug|iPhone.Build.0 = Debug|Any CPU
		{96237CDD-4039-4DB7-A5C9-4484554B643B}.Debug|iPhoneSimulator.ActiveCfg = Debug|Any CPU
		{96237CDD-4039-4DB7-A5C9-4484554B643B}.Debug|iPhoneSimulator.Build.0 = Debug|Any CPU
		{96237CDD-4039-4DB7-A5C9-4484554B643B}.Release|Any CPU.ActiveCfg = Release|Any CPU
		{96237CDD-4039-4DB7-A5C9-4484554B643B}.Release|Any CPU.Build.0 = Release|Any CPU
		{96237CDD-4039-4DB7-A5C9-4484554B643B}.Release|iPhone.ActiveCfg = Release|Any CPU
		{96237CDD-4039-4DB7-A5C9-4484554B643B}.Release|iPhone.Build.0 = Release|Any CPU
		{96237CDD-4039-4DB7-A5C9-4484554B643B}.Release|iPhoneSimulator.ActiveCfg = Release|Any CPU
		{96237CDD-4039-4DB7-A5C9-4484554B643B}.Release|iPhoneSimulator.Build.0 = Release|Any CPU
	EndGlobalSection
	GlobalSection(SolutionProperties) = preSolution
		HideSolutionNode = FALSE
	EndGlobalSection
	GlobalSection(NestedProjects) = preSolution
		{26EB5901-89E0-4881-A062-E209B84A388D} = {4D517DDF-BC38-403F-99F5-1A03045554C3}
		{BBAC07F6-3762-444D-BD48-140C6BE4AC54} = {4D517DDF-BC38-403F-99F5-1A03045554C3}
		{9E819D87-5262-41A0-BD98-4A2E834D1423} = {4D517DDF-BC38-403F-99F5-1A03045554C3}
		{7F8621D0-00DB-4935-A5A9-7C9A255254A7} = {48957F30-0146-46EB-A112-8C52049DEF4F}
		{0B3BDAD6-F953-4A9F-AFA0-916A288C9278} = {4D517DDF-BC38-403F-99F5-1A03045554C3}
		{7852C680-0995-40BB-9788-0B54DBCAC297} = {48957F30-0146-46EB-A112-8C52049DEF4F}
		{463D4476-42FC-4133-B8ED-D57343897470} = {48957F30-0146-46EB-A112-8C52049DEF4F}
		{1C08C2BC-8ECF-4C48-810E-4F8C20B2E7E7} = {4D517DDF-BC38-403F-99F5-1A03045554C3}
		{96237CDD-4039-4DB7-A5C9-4484554B643B} = {4D517DDF-BC38-403F-99F5-1A03045554C3}
	EndGlobalSection
EndGlobal
